#MicroXplorer Configuration settings - do not modify
Mcu.Family=STM32L0
ProjectManager.MainLocation=Core/Src
USB_DEVICE.CLASS_NAME_FS=CDC
RCC.USART1Freq_Value=32000000
ProjectManager.KeepUserCode=true
Mcu.UserName=STM32L052K6Tx
NVIC.USB_IRQn=true\:0\:0\:false\:false\:true\:false\:true
TIM21.IPParameters=Channel-Output Compare1 No Output,Period
RCC.PLLCLKFreq_Value=32000000
ProjectManager.functionlistsort=1-MX_GPIO_Init-GPIO-false-HAL-true,2-SystemClock_Config-RCC-false-HAL-false,3-MX_RTC_Init-RTC-false-HAL-true,4-MX_USB_PCD_Init-USB-false-HAL-true,5-MX_TIM2_Init-TIM2-false-HAL-true,6-MX_TIM21_Init-TIM21-false-HAL-true
VP_RTC_VS_RTC_Activate.Mode=RTC_Enabled
PA11.Mode=Device
RCC.RTCFreq_Value=32768
RCC.USART2Freq_Value=32000000
VP_RTC_VS_RTC_Calendar.Signal=RTC_VS_RTC_Calendar
NVIC.SVC_IRQn=true\:0\:0\:false\:false\:true\:false\:false
TIM2.Channel-PWM\ Generation2\ CH2=TIM_CHANNEL_2
RCC.48CLKFreq_Value=48000000
PinOutPanel.RotationAngle=0
RCC.SYSCLKSource=RCC_SYSCLKSOURCE_PLLCLK
ProjectManager.StackSize=0x400
NVIC.RTC_IRQn=true\:0\:0\:false\:false\:true\:true\:true
RCC.HSI48MClockSelection=RCC_USBCLKSOURCE_HSI48
Mcu.IP4=TIM2
RCC.FCLKCortexFreq_Value=32000000
Mcu.IP5=TIM21
Mcu.IP2=RTC
Mcu.IP3=SYS
Mcu.IP0=NVIC
Mcu.IP1=RCC
PA12.Signal=USB_DP
TIM21.Period=63991
RCC.PLLDIV=RCC_PLLDIV_3
Mcu.UserConstants=
Mcu.ThirdPartyNb=0
RCC.HCLKFreq_Value=32000000
Mcu.IPNb=8
TIM2.IPParameters=Channel-PWM Generation2 CH2,Channel-PWM Generation1 CH1,OCPolarity_2,Period,Pulse-PWM Generation1 CH1,Pulse-PWM Generation2 CH2
ProjectManager.PreviousToolchain=
RCC.APB2TimFreq_Value=32000000
PB6.Signal=GPIO_Output
RTC.IPParameters=WakeUpClock
Mcu.Pin6=PA4
VP_TIM2_VS_ClockSourceINT.Signal=TIM2_VS_ClockSourceINT
Mcu.Pin7=PA5
Mcu.Pin8=PA6
Mcu.Pin9=PA7
TIM21.Channel-Output\ Compare1\ No\ Output=TIM_CHANNEL_1
RCC.AHBFreq_Value=32000000
Mcu.Pin0=PC14-OSC32_IN
Mcu.Pin1=PC15-OSC32_OUT
GPIO.groupedBy=
Mcu.Pin2=PA0
Mcu.Pin3=PA1
Mcu.Pin4=PA2
Mcu.Pin5=PA3
ProjectManager.ProjectBuild=false
PA0.Locked=true
PA8.Locked=true
PA4.Locked=true
RCC.RTCClockSelection=RCC_RTCCLKSOURCE_LSE
NVIC.SysTick_IRQn=true\:0\:0\:false\:false\:true\:false\:true
RCC.PLLMUL=RCC_PLLMUL_6
ProjectManager.FirmwarePackage=STM32Cube FW_L0 V1.11.3
MxDb.Version=DB.6.0.0
ProjectManager.BackupPrevious=false
PC14-OSC32_IN.Mode=LSE-External-Oscillator
RCC.RTCClockSelectionVirtual=RCC_RTCCLKSOURCE_LSE
PA14.Mode=Serial_Wire
File.Version=6
SH.S_TIM2_CH1.ConfNb=1
PB7.Signal=GPIO_Output
PA8.Signal=GPIO_Output
TIM2.Channel-PWM\ Generation1\ CH1=TIM_CHANNEL_1
PB6.Locked=true
NVIC.PendSV_IRQn=true\:0\:0\:false\:false\:true\:false\:false
ProjectManager.HalAssertFull=false
PB0.Locked=true
ProjectManager.ProjectName=stm32_vfd
PA0.Signal=S_TIM2_CH1
Mcu.Package=LQFP32
PB1.Signal=GPIO_Input
PA6.Signal=GPIO_Output
PA7.Locked=true
PA5.Locked=true
ProjectManager.ToolChainLocation=
RCC.LSI_VALUE=37000
VP_SYS_VS_Systick.Signal=SYS_VS_Systick
PA10.Signal=GPIO_Output
VP_RTC_VS_RTC_Calendar.Mode=RTC_Calendar
PA15.Signal=GPIO_Input
VP_USB_DEVICE_VS_USB_DEVICE_CDC_FS.Signal=USB_DEVICE_VS_USB_DEVICE_CDC_FS
TIM2.Pulse-PWM\ Generation2\ CH2=1600
RCC.APB1TimFreq_Value=32000000
ProjectManager.CustomerFirmwarePackage=
RCC.HSI48_VALUE=48000000
RCC.LPTIMFreq_Value=32000000
PB3.Locked=true
PB4.Signal=GPIO_Output
PA3.Signal=GPIO_Output
VP_TIM21_VS_ClockSourceINT.Signal=TIM21_VS_ClockSourceINT
RCC.TIMFreq_Value=32000000
PA2.Locked=true
VP_RTC_VS_RTC_Activate.Signal=RTC_VS_RTC_Activate
RCC.MSI_VALUE=2097000
PC15-OSC32_OUT.Mode=LSE-External-Oscillator
ProjectManager.ProjectFileName=stm32_vfd.ioc
SH.S_TIM2_CH1.0=TIM2_CH1,PWM Generation1 CH1
RCC.48USBFreq_Value=48000000
Mcu.PinsNb=33
RTC.WakeUpClock=RTC_WAKEUPCLOCK_CK_SPRE_16BITS
ProjectManager.NoMain=false
USB_DEVICE.VirtualModeFS=Cdc_FS
ProjectManager.DefaultFWLocation=true
ProjectManager.DeletePrevious=true
PC14-OSC32_IN.Signal=RCC_OSC32_IN
TIM2.OCPolarity_2=TIM_OCPOLARITY_LOW
RCC.TimerFreq_Value=32000000
USB_DEVICE.IPParameters=VirtualMode,VirtualModeFS,CLASS_NAME_FS
RCC.FamilyName=M
TIM2.Pulse-PWM\ Generation1\ CH1=1600
RCC.WatchDogFreq_Value=37000
PA13.Signal=SYS_SWDIO
RCC.HSI16_VALUE=16000000
SH.S_TIM2_CH2.0=TIM2_CH2,PWM Generation2 CH2
PA15.Locked=true
ProjectManager.TargetToolchain=EWARM V8.32
VP_USB_DEVICE_VS_USB_DEVICE_CDC_FS.Mode=CDC_FS
VP_RTC_VS_RTC_WakeUp_intern.Signal=RTC_VS_RTC_WakeUp_intern
PA9.Signal=GPIO_Output
SH.S_TIM2_CH2.ConfNb=1
PB5.Locked=true
ProjectManager.RegisterCallBack=
PC15-OSC32_OUT.Signal=RCC_OSC32_OUT
PA1.Signal=S_TIM2_CH2
PB1.Locked=true
PA5.Signal=GPIO_Output
RCC.MCOPinFreq_Value=32000000
board=custom
RCC.VCOOutputFreq_Value=96000000
ProjectManager.LastFirmware=true
RCC.APB2Freq_Value=32000000
MxCube.Version=6.0.1
VP_TIM21_VS_ClockSourceINT.Mode=Internal
RCC.I2C1Freq_Value=32000000
VP_TIM2_VS_ClockSourceINT.Mode=Internal
Mcu.Pin30=VP_TIM21_VS_ClockSourceINT
VP_SYS_VS_Systick.Mode=SysTick
Mcu.Pin31=VP_TIM21_VS_no_output1
Mcu.Pin32=VP_USB_DEVICE_VS_USB_DEVICE_CDC_FS
PA9.Locked=true
NVIC.NonMaskableInt_IRQn=true\:0\:0\:false\:false\:true\:false\:false
NVIC.TIM21_IRQn=true\:0\:0\:false\:false\:true\:true\:true
TIM2.Period=3199
PA13.Mode=Serial_Wire
ProjectManager.FreePins=false
RCC.IPParameters=48CLKFreq_Value,48RNGFreq_Value,48USBFreq_Value,AHBFreq_Value,APB1Freq_Value,APB1TimFreq_Value,APB2Freq_Value,APB2TimFreq_Value,FCLKCortexFreq_Value,FamilyName,HCLKFreq_Value,HSI16_VALUE,HSI48MClockSelection,HSI48_VALUE,HSI_VALUE,I2C1Freq_Value,LPTIMFreq_Value,LSI_VALUE,MCOPinFreq_Value,MSI_VALUE,PLLCLKFreq_Value,PLLDIV,PLLMUL,PWRFreq_Value,RTCClockSelection,RTCClockSelectionVirtual,RTCFreq_Value,SYSCLKFreq_VALUE,SYSCLKSource,TIMFreq_Value,TimerFreq_Value,USART1Freq_Value,USART2Freq_Value,VCOOutputFreq_Value,WatchDogFreq_Value
ProjectManager.AskForMigrate=true
Mcu.Name=STM32L052K(6-8)Tx
Mcu.Pin26=VP_RTC_VS_RTC_Calendar
Mcu.Pin27=VP_RTC_VS_RTC_WakeUp_intern
Mcu.Pin24=PB7
PA2.Signal=GPIO_Output
ProjectManager.UnderRoot=false
Mcu.Pin25=VP_RTC_VS_RTC_Activate
Mcu.Pin28=VP_SYS_VS_Systick
Mcu.IP6=USB
Mcu.Pin29=VP_TIM2_VS_ClockSourceINT
Mcu.IP7=USB_DEVICE
ProjectManager.CoupleFile=false
PB4.Locked=true
PB3.Signal=GPIO_Output
PA4.Signal=GPIO_Output
RCC.SYSCLKFreq_VALUE=32000000
PB5.Signal=GPIO_Output
Mcu.Pin22=PB5
Mcu.Pin23=PB6
Mcu.Pin20=PB3
PA3.Locked=true
Mcu.Pin21=PB4
PA12.Mode=Device
PA10.Locked=true
NVIC.ForceEnableDMAVector=true
KeepUserPlacement=false
ProjectManager.CompilerOptimize=6
PA11.Signal=USB_DM
PA14.Signal=SYS_SWCLK
ProjectManager.HeapSize=0x200
Mcu.Pin15=PA11
NVIC.HardFault_IRQn=true\:0\:0\:false\:false\:true\:false\:false
Mcu.Pin16=PA12
Mcu.Pin13=PA9
Mcu.Pin14=PA10
VP_TIM21_VS_no_output1.Mode=Output Compare1 No Output
Mcu.Pin19=PA15
ProjectManager.ComputerToolchain=false
Mcu.Pin17=PA13
RCC.HSI_VALUE=16000000
Mcu.Pin18=PA14
VP_RTC_VS_RTC_WakeUp_intern.Mode=WakeUp
Mcu.Pin11=PB1
Mcu.Pin12=PA8
Mcu.Pin10=PB0
PB7.Locked=true
RCC.PWRFreq_Value=32000000
RCC.48RNGFreq_Value=48000000
RCC.APB1Freq_Value=32000000
PB0.Signal=GPIO_Input
VP_TIM21_VS_no_output1.Signal=TIM21_VS_no_output1
USB_DEVICE.VirtualMode=Cdc
ProjectManager.DeviceId=STM32L052K6Tx
ProjectManager.LibraryCopy=0
PA7.Signal=GPIO_Output
PA6.Locked=true
